
Microsoft Visual Studio Solution File, Format Version 12.00
# Visual Studio Version 17
VisualStudioVersion = 17.4.33122.133
MinimumVisualStudioVersion = 10.0.40219.1
Project("{FAE04EC0-301F-11D3-BF4B-00C04F79EFBC}") = "FotNET", "FotNET\FotNET.csproj", "{EF37E8E9-252E-4897-94FC-D52926A3DBE7}"
EndProject
Project("{FAE04EC0-301F-11D3-BF4B-00C04F79EFBC}") = "UnitTests", "UnitTests\UnitTests.csproj", "{E7E07632-C36E-4D9A-A549-421707CCF943}"
EndProject
Global
	GlobalSection(SolutionConfigurationPlatforms) = preSolution
		Debug|Any CPU = Debug|Any CPU
		Release|Any CPU = Release|Any CPU
	EndGlobalSection
	GlobalSection(ProjectConfigurationPlatforms) = postSolution
		{EF37E8E9-252E-4897-94FC-D52926A3DBE7}.Debug|Any CPU.ActiveCfg = Debug|Any CPU
		{EF37E8E9-252E-4897-94FC-D52926A3DBE7}.Debug|Any CPU.Build.0 = Debug|Any CPU
		{EF37E8E9-252E-4897-94FC-D52926A3DBE7}.Release|Any CPU.ActiveCfg = Release|Any CPU
		{EF37E8E9-252E-4897-94FC-D52926A3DBE7}.Release|Any CPU.Build.0 = Release|Any CPU
		{E7E07632-C36E-4D9A-A549-421707CCF943}.Debug|Any CPU.ActiveCfg = Debug|Any CPU
		{E7E07632-C36E-4D9A-A549-421707CCF943}.Debug|Any CPU.Build.0 = Debug|Any CPU
		{E7E07632-C36E-4D9A-A549-421707CCF943}.Release|Any CPU.ActiveCfg = Release|Any CPU
		{E7E07632-C36E-4D9A-A549-421707CCF943}.Release|Any CPU.Build.0 = Release|Any CPU
	EndGlobalSection
	GlobalSection(SolutionProperties) = preSolution
		HideSolutionNode = FALSE
	EndGlobalSection
	GlobalSection(ExtensibilityGlobals) = postSolution
		SolutionGuid = {B3B52BAE-87EC-4063-A7C1-FFF0F97A280B}
	EndGlobalSection
EndGlobal
