
Microsoft Visual Studio Solution File, Format Version 12.00
Project("{FAE04EC0-301F-11D3-BF4B-00C04F79EFBC}") = "NeuroWeb.EXMPL", "NeuroWeb.EXMPL\NeuroWeb.EXMPL.csproj", "{C9056863-6CFB-47C9-AFA6-9AADF685EDFA}"
EndProject
Global
	GlobalSection(SolutionConfigurationPlatforms) = preSolution
		Debug|Any CPU = Debug|Any CPU
		Release|Any CPU = Release|Any CPU
	EndGlobalSection
	GlobalSection(ProjectConfigurationPlatforms) = postSolution
		{C9056863-6CFB-47C9-AFA6-9AADF685EDFA}.Debug|Any CPU.ActiveCfg = Debug|Any CPU
		{C9056863-6CFB-47C9-AFA6-9AADF685EDFA}.Debug|Any CPU.Build.0 = Debug|Any CPU
		{C9056863-6CFB-47C9-AFA6-9AADF685EDFA}.Release|Any CPU.ActiveCfg = Release|Any CPU
		{C9056863-6CFB-47C9-AFA6-9AADF685EDFA}.Release|Any CPU.Build.0 = Release|Any CPU
	EndGlobalSection
EndGlobal
