
Microsoft Visual Studio Solution File, Format Version 12.00
# Visual Studio Version 17
VisualStudioVersion = 17.4.33122.133
MinimumVisualStudioVersion = 10.0.40219.1
Project("{9A19103F-16F7-4668-BE54-9A1E7A4F7556}") = "NeuroWeb.EXMPL", "NeuroWeb.EXMPL\NeuroWeb.EXMPL.csproj", "{C9056863-6CFB-47C9-AFA6-9AADF685EDFA}"
EndProject
Project("{FAE04EC0-301F-11D3-BF4B-00C04F79EFBC}") = "FotNET", "FotNET\FotNET.csproj", "{EF37E8E9-252E-4897-94FC-D52926A3DBE7}"
EndProject
Global
	GlobalSection(SolutionConfigurationPlatforms) = preSolution
		Debug|Any CPU = Debug|Any CPU
		Release|Any CPU = Release|Any CPU
	EndGlobalSection
	GlobalSection(ProjectConfigurationPlatforms) = postSolution
		{C9056863-6CFB-47C9-AFA6-9AADF685EDFA}.Debug|Any CPU.ActiveCfg = Debug|Any CPU
		{C9056863-6CFB-47C9-AFA6-9AADF685EDFA}.Debug|Any CPU.Build.0 = Debug|Any CPU
		{C9056863-6CFB-47C9-AFA6-9AADF685EDFA}.Release|Any CPU.ActiveCfg = Release|Any CPU
		{C9056863-6CFB-47C9-AFA6-9AADF685EDFA}.Release|Any CPU.Build.0 = Release|Any CPU
		{EF37E8E9-252E-4897-94FC-D52926A3DBE7}.Debug|Any CPU.ActiveCfg = Debug|Any CPU
		{EF37E8E9-252E-4897-94FC-D52926A3DBE7}.Debug|Any CPU.Build.0 = Debug|Any CPU
		{EF37E8E9-252E-4897-94FC-D52926A3DBE7}.Release|Any CPU.ActiveCfg = Release|Any CPU
		{EF37E8E9-252E-4897-94FC-D52926A3DBE7}.Release|Any CPU.Build.0 = Release|Any CPU
	EndGlobalSection
	GlobalSection(SolutionProperties) = preSolution
		HideSolutionNode = FALSE
	EndGlobalSection
	GlobalSection(ExtensibilityGlobals) = postSolution
		SolutionGuid = {B3B52BAE-87EC-4063-A7C1-FFF0F97A280B}
	EndGlobalSection
EndGlobal
